
Microsoft Visual Studio Solution File, Format Version 12.00
# Visual Studio Version 16
VisualStudioVersion = 16.0.30717.126
MinimumVisualStudioVersion = 10.0.40219.1
Project("{9A19103F-16F7-4668-BE54-9A1E7A4F7556}") = "FirstProj", "FirstProj\FirstProj.csproj", "{77952C62-186D-4257-B77C-F88318B4AFD6}"
EndProject
Project("{9A19103F-16F7-4668-BE54-9A1E7A4F7556}") = "SecondProj", "SecondProj\SecondProj.csproj", "{8A6FD1DE-EA85-485E-8967-B92722B86D65}"
EndProject
Project("{9A19103F-16F7-4668-BE54-9A1E7A4F7556}") = "ThirdProj", "ThirdProj\ThirdProj.csproj", "{BC3826D7-910F-43C4-8D22-7037ED68881D}"
EndProject
Project("{9A19103F-16F7-4668-BE54-9A1E7A4F7556}") = "FourthProj", "FourthProj\FourthProj.csproj", "{32742D67-4C15-477A-9D5F-C82032129D74}"
EndProject
Project("{9A19103F-16F7-4668-BE54-9A1E7A4F7556}") = "5thProj", "5thProj\5thProj.csproj", "{F77114BF-2520-4A80-BA02-68CD9AF85E86}"
EndProject
Project("{9A19103F-16F7-4668-BE54-9A1E7A4F7556}") = "6thProj", "6thProj\6thProj.csproj", "{B51ED5ED-B730-4FA1-962A-A3DE5FA0EEEC}"
EndProject
Project("{9A19103F-16F7-4668-BE54-9A1E7A4F7556}") = "OOP", "OOP\OOP.csproj", "{79A0B38B-16C4-47CE-977E-865CBC63505D}"
EndProject
Project("{9A19103F-16F7-4668-BE54-9A1E7A4F7556}") = "Operator_overloading", "Operator_overloading\Operator_overloading.csproj", "{384BAC40-54D3-444F-AC6B-364F593DD928}"
EndProject
Project("{9A19103F-16F7-4668-BE54-9A1E7A4F7556}") = "Encapsulation", "OPP2\Encapsulation.csproj", "{273E1633-6E5E-4387-96CA-37DF43206053}"
EndProject
Project("{FAE04EC0-301F-11D3-BF4B-00C04F79EFBC}") = "OOP_Encapsulation", "OOP_Encapsulation\OOP_Encapsulation.csproj", "{F9FB575C-9D34-42C7-9A41-CB3C140F4AAD}"
EndProject
Project("{FAE04EC0-301F-11D3-BF4B-00C04F79EFBC}") = "Inheritence", "Inheritence\Inheritence.csproj", "{4C28B32C-4FE5-4334-94EB-DACCF2CDE93C}"
EndProject
Project("{FAE04EC0-301F-11D3-BF4B-00C04F79EFBC}") = "Dinamic Polimorphism Adstract", "Dinamic Polimorphism Adstract\Dinamic Polimorphism Adstract.csproj", "{7D009F5B-6304-4620-ABEF-BE039B24E2A7}"
EndProject
Global
	GlobalSection(SolutionConfigurationPlatforms) = preSolution
		Debug|Any CPU = Debug|Any CPU
		Release|Any CPU = Release|Any CPU
	EndGlobalSection
	GlobalSection(ProjectConfigurationPlatforms) = postSolution
		{77952C62-186D-4257-B77C-F88318B4AFD6}.Debug|Any CPU.ActiveCfg = Debug|Any CPU
		{77952C62-186D-4257-B77C-F88318B4AFD6}.Debug|Any CPU.Build.0 = Debug|Any CPU
		{77952C62-186D-4257-B77C-F88318B4AFD6}.Release|Any CPU.ActiveCfg = Release|Any CPU
		{77952C62-186D-4257-B77C-F88318B4AFD6}.Release|Any CPU.Build.0 = Release|Any CPU
		{8A6FD1DE-EA85-485E-8967-B92722B86D65}.Debug|Any CPU.ActiveCfg = Debug|Any CPU
		{8A6FD1DE-EA85-485E-8967-B92722B86D65}.Debug|Any CPU.Build.0 = Debug|Any CPU
		{8A6FD1DE-EA85-485E-8967-B92722B86D65}.Release|Any CPU.ActiveCfg = Release|Any CPU
		{8A6FD1DE-EA85-485E-8967-B92722B86D65}.Release|Any CPU.Build.0 = Release|Any CPU
		{BC3826D7-910F-43C4-8D22-7037ED68881D}.Debug|Any CPU.ActiveCfg = Debug|Any CPU
		{BC3826D7-910F-43C4-8D22-7037ED68881D}.Debug|Any CPU.Build.0 = Debug|Any CPU
		{BC3826D7-910F-43C4-8D22-7037ED68881D}.Release|Any CPU.ActiveCfg = Release|Any CPU
		{BC3826D7-910F-43C4-8D22-7037ED68881D}.Release|Any CPU.Build.0 = Release|Any CPU
		{32742D67-4C15-477A-9D5F-C82032129D74}.Debug|Any CPU.ActiveCfg = Debug|Any CPU
		{32742D67-4C15-477A-9D5F-C82032129D74}.Debug|Any CPU.Build.0 = Debug|Any CPU
		{32742D67-4C15-477A-9D5F-C82032129D74}.Release|Any CPU.ActiveCfg = Release|Any CPU
		{32742D67-4C15-477A-9D5F-C82032129D74}.Release|Any CPU.Build.0 = Release|Any CPU
		{F77114BF-2520-4A80-BA02-68CD9AF85E86}.Debug|Any CPU.ActiveCfg = Debug|Any CPU
		{F77114BF-2520-4A80-BA02-68CD9AF85E86}.Debug|Any CPU.Build.0 = Debug|Any CPU
		{F77114BF-2520-4A80-BA02-68CD9AF85E86}.Release|Any CPU.ActiveCfg = Release|Any CPU
		{F77114BF-2520-4A80-BA02-68CD9AF85E86}.Release|Any CPU.Build.0 = Release|Any CPU
		{B51ED5ED-B730-4FA1-962A-A3DE5FA0EEEC}.Debug|Any CPU.ActiveCfg = Debug|Any CPU
		{B51ED5ED-B730-4FA1-962A-A3DE5FA0EEEC}.Debug|Any CPU.Build.0 = Debug|Any CPU
		{B51ED5ED-B730-4FA1-962A-A3DE5FA0EEEC}.Release|Any CPU.ActiveCfg = Release|Any CPU
		{B51ED5ED-B730-4FA1-962A-A3DE5FA0EEEC}.Release|Any CPU.Build.0 = Release|Any CPU
		{79A0B38B-16C4-47CE-977E-865CBC63505D}.Debug|Any CPU.ActiveCfg = Debug|Any CPU
		{79A0B38B-16C4-47CE-977E-865CBC63505D}.Debug|Any CPU.Build.0 = Debug|Any CPU
		{79A0B38B-16C4-47CE-977E-865CBC63505D}.Release|Any CPU.ActiveCfg = Release|Any CPU
		{79A0B38B-16C4-47CE-977E-865CBC63505D}.Release|Any CPU.Build.0 = Release|Any CPU
		{384BAC40-54D3-444F-AC6B-364F593DD928}.Debug|Any CPU.ActiveCfg = Debug|Any CPU
		{384BAC40-54D3-444F-AC6B-364F593DD928}.Debug|Any CPU.Build.0 = Debug|Any CPU
		{384BAC40-54D3-444F-AC6B-364F593DD928}.Release|Any CPU.ActiveCfg = Release|Any CPU
		{384BAC40-54D3-444F-AC6B-364F593DD928}.Release|Any CPU.Build.0 = Release|Any CPU
		{273E1633-6E5E-4387-96CA-37DF43206053}.Debug|Any CPU.ActiveCfg = Debug|Any CPU
		{273E1633-6E5E-4387-96CA-37DF43206053}.Debug|Any CPU.Build.0 = Debug|Any CPU
		{273E1633-6E5E-4387-96CA-37DF43206053}.Release|Any CPU.ActiveCfg = Release|Any CPU
		{273E1633-6E5E-4387-96CA-37DF43206053}.Release|Any CPU.Build.0 = Release|Any CPU
		{F9FB575C-9D34-42C7-9A41-CB3C140F4AAD}.Debug|Any CPU.ActiveCfg = Debug|Any CPU
		{F9FB575C-9D34-42C7-9A41-CB3C140F4AAD}.Debug|Any CPU.Build.0 = Debug|Any CPU
		{F9FB575C-9D34-42C7-9A41-CB3C140F4AAD}.Release|Any CPU.ActiveCfg = Release|Any CPU
		{F9FB575C-9D34-42C7-9A41-CB3C140F4AAD}.Release|Any CPU.Build.0 = Release|Any CPU
		{4C28B32C-4FE5-4334-94EB-DACCF2CDE93C}.Debug|Any CPU.ActiveCfg = Debug|Any CPU
		{4C28B32C-4FE5-4334-94EB-DACCF2CDE93C}.Debug|Any CPU.Build.0 = Debug|Any CPU
		{4C28B32C-4FE5-4334-94EB-DACCF2CDE93C}.Release|Any CPU.ActiveCfg = Release|Any CPU
		{4C28B32C-4FE5-4334-94EB-DACCF2CDE93C}.Release|Any CPU.Build.0 = Release|Any CPU
		{7D009F5B-6304-4620-ABEF-BE039B24E2A7}.Debug|Any CPU.ActiveCfg = Debug|Any CPU
		{7D009F5B-6304-4620-ABEF-BE039B24E2A7}.Debug|Any CPU.Build.0 = Debug|Any CPU
		{7D009F5B-6304-4620-ABEF-BE039B24E2A7}.Release|Any CPU.ActiveCfg = Release|Any CPU
		{7D009F5B-6304-4620-ABEF-BE039B24E2A7}.Release|Any CPU.Build.0 = Release|Any CPU
	EndGlobalSection
	GlobalSection(SolutionProperties) = preSolution
		HideSolutionNode = FALSE
	EndGlobalSection
	GlobalSection(ExtensibilityGlobals) = postSolution
		SolutionGuid = {5985F8F1-1BEF-469B-9D15-915DFDCFD61B}
	EndGlobalSection
EndGlobal
