
Microsoft Visual Studio Solution File, Format Version 12.00
# Visual Studio Version 16
VisualStudioVersion = 16.0.30011.22
MinimumVisualStudioVersion = 10.0.40219.1
Project("{FAE04EC0-301F-11D3-BF4B-00C04F79EFBC}") = "BlogCore", "BlogCore\BlogCore.csproj", "{9924CD4D-2EEE-4815-AC50-96823AA11D55}"
EndProject
Project("{FAE04EC0-301F-11D3-BF4B-00C04F79EFBC}") = "BlogCore.AccesoDatos", "BlogCoreAccesoDatos\BlogCore.AccesoDatos.csproj", "{5D2EAAA9-1B97-4718-B72A-0B5129C8DF65}"
EndProject
Project("{FAE04EC0-301F-11D3-BF4B-00C04F79EFBC}") = "BlogCore.Models", "BlogCore.Models\BlogCore.Models.csproj", "{2873AE49-55C9-41EF-986E-C976A73079A9}"
EndProject
Project("{FAE04EC0-301F-11D3-BF4B-00C04F79EFBC}") = "BlogCore.Utilidades", "BlogCore.Utilidades\BlogCore.Utilidades.csproj", "{C65E12C7-B1DE-4F1E-92E5-D81CA142DAFF}"
EndProject
Global
	GlobalSection(SolutionConfigurationPlatforms) = preSolution
		Debug|Any CPU = Debug|Any CPU
		Release|Any CPU = Release|Any CPU
	EndGlobalSection
	GlobalSection(ProjectConfigurationPlatforms) = postSolution
		{9924CD4D-2EEE-4815-AC50-96823AA11D55}.Debug|Any CPU.ActiveCfg = Debug|Any CPU
		{9924CD4D-2EEE-4815-AC50-96823AA11D55}.Debug|Any CPU.Build.0 = Debug|Any CPU
		{9924CD4D-2EEE-4815-AC50-96823AA11D55}.Release|Any CPU.ActiveCfg = Release|Any CPU
		{9924CD4D-2EEE-4815-AC50-96823AA11D55}.Release|Any CPU.Build.0 = Release|Any CPU
		{5D2EAAA9-1B97-4718-B72A-0B5129C8DF65}.Debug|Any CPU.ActiveCfg = Debug|Any CPU
		{5D2EAAA9-1B97-4718-B72A-0B5129C8DF65}.Debug|Any CPU.Build.0 = Debug|Any CPU
		{5D2EAAA9-1B97-4718-B72A-0B5129C8DF65}.Release|Any CPU.ActiveCfg = Release|Any CPU
		{5D2EAAA9-1B97-4718-B72A-0B5129C8DF65}.Release|Any CPU.Build.0 = Release|Any CPU
		{2873AE49-55C9-41EF-986E-C976A73079A9}.Debug|Any CPU.ActiveCfg = Debug|Any CPU
		{2873AE49-55C9-41EF-986E-C976A73079A9}.Debug|Any CPU.Build.0 = Debug|Any CPU
		{2873AE49-55C9-41EF-986E-C976A73079A9}.Release|Any CPU.ActiveCfg = Release|Any CPU
		{2873AE49-55C9-41EF-986E-C976A73079A9}.Release|Any CPU.Build.0 = Release|Any CPU
		{C65E12C7-B1DE-4F1E-92E5-D81CA142DAFF}.Debug|Any CPU.ActiveCfg = Debug|Any CPU
		{C65E12C7-B1DE-4F1E-92E5-D81CA142DAFF}.Debug|Any CPU.Build.0 = Debug|Any CPU
		{C65E12C7-B1DE-4F1E-92E5-D81CA142DAFF}.Release|Any CPU.ActiveCfg = Release|Any CPU
		{C65E12C7-B1DE-4F1E-92E5-D81CA142DAFF}.Release|Any CPU.Build.0 = Release|Any CPU
	EndGlobalSection
	GlobalSection(SolutionProperties) = preSolution
		HideSolutionNode = FALSE
	EndGlobalSection
	GlobalSection(ExtensibilityGlobals) = postSolution
		SolutionGuid = {E8D13661-0775-49E7-8C7D-8379B490FFA3}
	EndGlobalSection
EndGlobal
