
Microsoft Visual Studio Solution File, Format Version 12.00
# Visual Studio Version 16
VisualStudioVersion = 16.0.30011.22
MinimumVisualStudioVersion = 10.0.40219.1
Project("{FAE04EC0-301F-11D3-BF4B-00C04F79EFBC}") = "WebApplication1", "WebApplication1\WebApplication1.csproj", "{16B34553-9784-4FBE-ADE8-3605AD22761F}"
EndProject
Global
	GlobalSection(SolutionConfigurationPlatforms) = preSolution
		Debug|Any CPU = Debug|Any CPU
		Release|Any CPU = Release|Any CPU
	EndGlobalSection
	GlobalSection(ProjectConfigurationPlatforms) = postSolution
		{16B34553-9784-4FBE-ADE8-3605AD22761F}.Debug|Any CPU.ActiveCfg = Debug|Any CPU
		{16B34553-9784-4FBE-ADE8-3605AD22761F}.Debug|Any CPU.Build.0 = Debug|Any CPU
		{16B34553-9784-4FBE-ADE8-3605AD22761F}.Release|Any CPU.ActiveCfg = Release|Any CPU
		{16B34553-9784-4FBE-ADE8-3605AD22761F}.Release|Any CPU.Build.0 = Release|Any CPU
	EndGlobalSection
	GlobalSection(SolutionProperties) = preSolution
		HideSolutionNode = FALSE
	EndGlobalSection
	GlobalSection(ExtensibilityGlobals) = postSolution
		SolutionGuid = {80173360-B0FA-4A44-9AA0-DCA132A9AFDC}
	EndGlobalSection
EndGlobal
