
Microsoft Visual Studio Solution File, Format Version 12.00
# Visual Studio Version 16
VisualStudioVersion = 16.0.30011.22
MinimumVisualStudioVersion = 10.0.40219.1
Project("{FAE04EC0-301F-11D3-BF4B-00C04F79EFBC}") = "HolaMundo", "HolaMundo\HolaMundo.csproj", "{740B5A50-EE07-4314-9A18-E0BEC8B4C794}"
EndProject
Global
	GlobalSection(SolutionConfigurationPlatforms) = preSolution
		Debug|Any CPU = Debug|Any CPU
		Release|Any CPU = Release|Any CPU
	EndGlobalSection
	GlobalSection(ProjectConfigurationPlatforms) = postSolution
		{740B5A50-EE07-4314-9A18-E0BEC8B4C794}.Debug|Any CPU.ActiveCfg = Debug|Any CPU
		{740B5A50-EE07-4314-9A18-E0BEC8B4C794}.Debug|Any CPU.Build.0 = Debug|Any CPU
		{740B5A50-EE07-4314-9A18-E0BEC8B4C794}.Release|Any CPU.ActiveCfg = Release|Any CPU
		{740B5A50-EE07-4314-9A18-E0BEC8B4C794}.Release|Any CPU.Build.0 = Release|Any CPU
	EndGlobalSection
	GlobalSection(SolutionProperties) = preSolution
		HideSolutionNode = FALSE
	EndGlobalSection
	GlobalSection(ExtensibilityGlobals) = postSolution
		SolutionGuid = {8A32B276-ECA4-404C-8685-8FE0B4428F22}
	EndGlobalSection
EndGlobal
